
Microsoft Visual Studio Solution File, Format Version 12.00
# Visual Studio Version 17
VisualStudioVersion = 17.8.34316.72
MinimumVisualStudioVersion = 10.0.40219.1
Project("{9A19103F-16F7-4668-BE54-9A1E7A4F7556}") = "FEventSourceGenerator", "FEventSourceGenerator\FEventSourceGenerator.csproj", "{CA527988-A0F7-4C2E-9309-BC2FEE81F704}"
EndProject
Project("{9A19103F-16F7-4668-BE54-9A1E7A4F7556}") = "CodeRuleAnalyzer", "CodeRuleAnalyzer\CodeRuleAnalyzer.csproj", "{921539B7-6482-44DA-AECF-34DDA5D7D94D}"
EndProject
Project("{9A19103F-16F7-4668-BE54-9A1E7A4F7556}") = "UnitTest", "UnitTest\UnitTest.csproj", "{C38F6653-A2CF-4296-8080-D3A93A99CDFC}"
EndProject
Project("{9A19103F-16F7-4668-BE54-9A1E7A4F7556}") = "FFramework.CoreLibRef", "FFramework.Core\FFramework.CoreLibRef.csproj", "{2780E712-4623-475D-A297-2480A81D0025}"
EndProject
Project("{9A19103F-16F7-4668-BE54-9A1E7A4F7556}") = "ModuleStaticSourceGenerator", "ModuleStaticSourceGenerator\ModuleStaticSourceGenerator.csproj", "{874A0931-72CE-40D6-843A-63704AA82F81}"
EndProject
Project("{2150E333-8FDC-42A3-9474-1A3956D46DE8}") = "ThirdParty", "ThirdParty", "{751F188C-6EBC-4EF5-BC6F-6B338D5DDD2E}"
EndProject
Project("{2150E333-8FDC-42A3-9474-1A3956D46DE8}") = "Analyzer", "Analyzer", "{28E53C9A-6F71-4FBE-AB59-340487B35FD2}"
EndProject
Project("{2150E333-8FDC-42A3-9474-1A3956D46DE8}") = "SourceGenerator", "SourceGenerator", "{6F4DA7AB-A491-4112-8077-46BE3C14D009}"
EndProject
Project("{2150E333-8FDC-42A3-9474-1A3956D46DE8}") = "RefLib", "RefLib", "{49A4EC1F-34F6-4EB8-B1E8-A9C0CB62894C}"
EndProject
Project("{2150E333-8FDC-42A3-9474-1A3956D46DE8}") = "Test", "Test", "{E14C1783-DD03-442E-9ADB-400561F26986}"
EndProject
Project("{9A19103F-16F7-4668-BE54-9A1E7A4F7556}") = "MemoryPack.Core", "ThirdParty\MemoryPack\src\MemoryPack.Core\MemoryPack.Core.csproj", "{2F1BAB37-E0BF-4A3C-8C71-7DE0F4225640}"
EndProject
Project("{9A19103F-16F7-4668-BE54-9A1E7A4F7556}") = "MemoryPack.Generator", "ThirdParty\MemoryPack\src\MemoryPack.Generator\MemoryPack.Generator.csproj", "{18B28BAD-281F-4271-84B4-FCE087FAFA88}"
EndProject
Project("{9A19103F-16F7-4668-BE54-9A1E7A4F7556}") = "MemoryPack.Streaming", "ThirdParty\MemoryPack\src\MemoryPack.Streaming\MemoryPack.Streaming.csproj", "{7BFEC002-5F37-48A0-94F0-C3AD9F360B09}"
EndProject
Project("{9A19103F-16F7-4668-BE54-9A1E7A4F7556}") = "MemoryPack.UnityShims", "ThirdParty\MemoryPack\src\MemoryPack.UnityShims\MemoryPack.UnityShims.csproj", "{B8D6813F-2998-4768-B8DE-6703AA8DA0E4}"
EndProject
Project("{FAE04EC0-301F-11D3-BF4B-00C04F79EFBC}") = "RoslynLib", "RoslynLib\RoslynLib.csproj", "{4EA2E898-9136-41E9-8143-490BB37F6F6C}"
EndProject
Global
	GlobalSection(SolutionConfigurationPlatforms) = preSolution
		Debug|Any CPU = Debug|Any CPU
		Release|Any CPU = Release|Any CPU
	EndGlobalSection
	GlobalSection(ProjectConfigurationPlatforms) = postSolution
		{CA527988-A0F7-4C2E-9309-BC2FEE81F704}.Debug|Any CPU.ActiveCfg = Debug|Any CPU
		{CA527988-A0F7-4C2E-9309-BC2FEE81F704}.Debug|Any CPU.Build.0 = Debug|Any CPU
		{CA527988-A0F7-4C2E-9309-BC2FEE81F704}.Release|Any CPU.ActiveCfg = Release|Any CPU
		{CA527988-A0F7-4C2E-9309-BC2FEE81F704}.Release|Any CPU.Build.0 = Release|Any CPU
		{921539B7-6482-44DA-AECF-34DDA5D7D94D}.Debug|Any CPU.ActiveCfg = Debug|Any CPU
		{921539B7-6482-44DA-AECF-34DDA5D7D94D}.Debug|Any CPU.Build.0 = Debug|Any CPU
		{921539B7-6482-44DA-AECF-34DDA5D7D94D}.Release|Any CPU.ActiveCfg = Release|Any CPU
		{921539B7-6482-44DA-AECF-34DDA5D7D94D}.Release|Any CPU.Build.0 = Release|Any CPU
		{C38F6653-A2CF-4296-8080-D3A93A99CDFC}.Debug|Any CPU.ActiveCfg = Debug|Any CPU
		{C38F6653-A2CF-4296-8080-D3A93A99CDFC}.Debug|Any CPU.Build.0 = Debug|Any CPU
		{C38F6653-A2CF-4296-8080-D3A93A99CDFC}.Release|Any CPU.ActiveCfg = Release|Any CPU
		{C38F6653-A2CF-4296-8080-D3A93A99CDFC}.Release|Any CPU.Build.0 = Release|Any CPU
		{2780E712-4623-475D-A297-2480A81D0025}.Debug|Any CPU.ActiveCfg = Debug|Any CPU
		{2780E712-4623-475D-A297-2480A81D0025}.Debug|Any CPU.Build.0 = Debug|Any CPU
		{2780E712-4623-475D-A297-2480A81D0025}.Release|Any CPU.ActiveCfg = Release|Any CPU
		{2780E712-4623-475D-A297-2480A81D0025}.Release|Any CPU.Build.0 = Release|Any CPU
		{874A0931-72CE-40D6-843A-63704AA82F81}.Debug|Any CPU.ActiveCfg = Debug|Any CPU
		{874A0931-72CE-40D6-843A-63704AA82F81}.Debug|Any CPU.Build.0 = Debug|Any CPU
		{874A0931-72CE-40D6-843A-63704AA82F81}.Release|Any CPU.ActiveCfg = Release|Any CPU
		{874A0931-72CE-40D6-843A-63704AA82F81}.Release|Any CPU.Build.0 = Release|Any CPU
		{2F1BAB37-E0BF-4A3C-8C71-7DE0F4225640}.Debug|Any CPU.ActiveCfg = Debug|Any CPU
		{2F1BAB37-E0BF-4A3C-8C71-7DE0F4225640}.Debug|Any CPU.Build.0 = Debug|Any CPU
		{2F1BAB37-E0BF-4A3C-8C71-7DE0F4225640}.Release|Any CPU.ActiveCfg = Release|Any CPU
		{2F1BAB37-E0BF-4A3C-8C71-7DE0F4225640}.Release|Any CPU.Build.0 = Release|Any CPU
		{18B28BAD-281F-4271-84B4-FCE087FAFA88}.Debug|Any CPU.ActiveCfg = Debug|Any CPU
		{18B28BAD-281F-4271-84B4-FCE087FAFA88}.Debug|Any CPU.Build.0 = Debug|Any CPU
		{18B28BAD-281F-4271-84B4-FCE087FAFA88}.Release|Any CPU.ActiveCfg = Release|Any CPU
		{18B28BAD-281F-4271-84B4-FCE087FAFA88}.Release|Any CPU.Build.0 = Release|Any CPU
		{7BFEC002-5F37-48A0-94F0-C3AD9F360B09}.Debug|Any CPU.ActiveCfg = Debug|Any CPU
		{7BFEC002-5F37-48A0-94F0-C3AD9F360B09}.Debug|Any CPU.Build.0 = Debug|Any CPU
		{7BFEC002-5F37-48A0-94F0-C3AD9F360B09}.Release|Any CPU.ActiveCfg = Release|Any CPU
		{7BFEC002-5F37-48A0-94F0-C3AD9F360B09}.Release|Any CPU.Build.0 = Release|Any CPU
		{B8D6813F-2998-4768-B8DE-6703AA8DA0E4}.Debug|Any CPU.ActiveCfg = Debug|Any CPU
		{B8D6813F-2998-4768-B8DE-6703AA8DA0E4}.Debug|Any CPU.Build.0 = Debug|Any CPU
		{B8D6813F-2998-4768-B8DE-6703AA8DA0E4}.Release|Any CPU.ActiveCfg = Release|Any CPU
		{B8D6813F-2998-4768-B8DE-6703AA8DA0E4}.Release|Any CPU.Build.0 = Release|Any CPU
		{4EA2E898-9136-41E9-8143-490BB37F6F6C}.Debug|Any CPU.ActiveCfg = Debug|Any CPU
		{4EA2E898-9136-41E9-8143-490BB37F6F6C}.Debug|Any CPU.Build.0 = Debug|Any CPU
		{4EA2E898-9136-41E9-8143-490BB37F6F6C}.Release|Any CPU.ActiveCfg = Release|Any CPU
		{4EA2E898-9136-41E9-8143-490BB37F6F6C}.Release|Any CPU.Build.0 = Release|Any CPU
	EndGlobalSection
	GlobalSection(SolutionProperties) = preSolution
		HideSolutionNode = FALSE
	EndGlobalSection
	GlobalSection(NestedProjects) = preSolution
		{CA527988-A0F7-4C2E-9309-BC2FEE81F704} = {6F4DA7AB-A491-4112-8077-46BE3C14D009}
		{921539B7-6482-44DA-AECF-34DDA5D7D94D} = {28E53C9A-6F71-4FBE-AB59-340487B35FD2}
		{C38F6653-A2CF-4296-8080-D3A93A99CDFC} = {E14C1783-DD03-442E-9ADB-400561F26986}
		{2780E712-4623-475D-A297-2480A81D0025} = {49A4EC1F-34F6-4EB8-B1E8-A9C0CB62894C}
		{874A0931-72CE-40D6-843A-63704AA82F81} = {6F4DA7AB-A491-4112-8077-46BE3C14D009}
		{2F1BAB37-E0BF-4A3C-8C71-7DE0F4225640} = {751F188C-6EBC-4EF5-BC6F-6B338D5DDD2E}
		{18B28BAD-281F-4271-84B4-FCE087FAFA88} = {751F188C-6EBC-4EF5-BC6F-6B338D5DDD2E}
		{7BFEC002-5F37-48A0-94F0-C3AD9F360B09} = {751F188C-6EBC-4EF5-BC6F-6B338D5DDD2E}
		{B8D6813F-2998-4768-B8DE-6703AA8DA0E4} = {751F188C-6EBC-4EF5-BC6F-6B338D5DDD2E}
		{4EA2E898-9136-41E9-8143-490BB37F6F6C} = {6F4DA7AB-A491-4112-8077-46BE3C14D009}
	EndGlobalSection
	GlobalSection(ExtensibilityGlobals) = postSolution
		SolutionGuid = {FF0D8B63-09A6-4DEC-8F87-5EB6CE3B2D1C}
	EndGlobalSection
EndGlobal
